// !$*UTF8*$!
{
	archiveVersion = 1;
	classes = {
	};
	objectVersion = 55;
	objects = {

/* Begin PBXBuildFile section */
		EE0A6CBF28326A2200467364 /* MyBillsApp.swift in Sources */ = {isa = PBXBuildFile; fileRef = EE0A6CBE28326A2200467364 /* MyBillsApp.swift */; };
		EE0A6CC128326A2200467364 /* ContentView.swift in Sources */ = {isa = PBXBuildFile; fileRef = EE0A6CC028326A2200467364 /* ContentView.swift */; };
		EE0A6CC328326A2300467364 /* Assets.xcassets in Resources */ = {isa = PBXBuildFile; fileRef = EE0A6CC228326A2300467364 /* Assets.xcassets */; };
		EE0A6CC628326A2300467364 /* Preview Assets.xcassets in Resources */ = {isa = PBXBuildFile; fileRef = EE0A6CC528326A2300467364 /* Preview Assets.xcassets */; };
		EE0A6CD028326A2300467364 /* MyBillsTests.swift in Sources */ = {isa = PBXBuildFile; fileRef = EE0A6CCF28326A2300467364 /* MyBillsTests.swift */; };
		EE0A6CDA28326A2300467364 /* MyBillsUITests.swift in Sources */ = {isa = PBXBuildFile; fileRef = EE0A6CD928326A2300467364 /* MyBillsUITests.swift */; };
		EE0A6CDC28326A2300467364 /* MyBillsUITestsLaunchTests.swift in Sources */ = {isa = PBXBuildFile; fileRef = EE0A6CDB28326A2300467364 /* MyBillsUITestsLaunchTests.swift */; };
		EE0A6CED28326AB400467364 /* BillModel.swift in Sources */ = {isa = PBXBuildFile; fileRef = EE0A6CEC28326AB400467364 /* BillModel.swift */; };
		EE0A6CEF28326CD500467364 /* BillVM.swift in Sources */ = {isa = PBXBuildFile; fileRef = EE0A6CEE28326CD500467364 /* BillVM.swift */; };
		EE0A6CF328326E1900467364 /* DataManager.swift in Sources */ = {isa = PBXBuildFile; fileRef = EE0A6CF228326E1900467364 /* DataManager.swift */; };
		EE0A6CF92832895300467364 /* BillFormVM.swift in Sources */ = {isa = PBXBuildFile; fileRef = EE0A6CF82832895300467364 /* BillFormVM.swift */; };
		EE0A6CFB283289E800467364 /* BillFormView.swift in Sources */ = {isa = PBXBuildFile; fileRef = EE0A6CFA283289E800467364 /* BillFormView.swift */; };
		EE0A6CFE2832BEA400467364 /* EnumModel.swift in Sources */ = {isa = PBXBuildFile; fileRef = EE0A6CFD2832BEA400467364 /* EnumModel.swift */; };
/* End PBXBuildFile section */

/* Begin PBXContainerItemProxy section */
		EE0A6CCC28326A2300467364 /* PBXContainerItemProxy */ = {
			isa = PBXContainerItemProxy;
			containerPortal = EE0A6CB328326A2200467364 /* Project object */;
			proxyType = 1;
			remoteGlobalIDString = EE0A6CBA28326A2200467364;
			remoteInfo = MyBills;
		};
		EE0A6CD628326A2300467364 /* PBXContainerItemProxy */ = {
			isa = PBXContainerItemProxy;
			containerPortal = EE0A6CB328326A2200467364 /* Project object */;
			proxyType = 1;
			remoteGlobalIDString = EE0A6CBA28326A2200467364;
			remoteInfo = MyBills;
		};
/* End PBXContainerItemProxy section */

/* Begin PBXFileReference section */
		EE0A6CBB28326A2200467364 /* MyBills.app */ = {isa = PBXFileReference; explicitFileType = wrapper.application; includeInIndex = 0; path = MyBills.app; sourceTree = BUILT_PRODUCTS_DIR; };
		EE0A6CBE28326A2200467364 /* MyBillsApp.swift */ = {isa = PBXFileReference; lastKnownFileType = sourcecode.swift; path = MyBillsApp.swift; sourceTree = "<group>"; };
		EE0A6CC028326A2200467364 /* ContentView.swift */ = {isa = PBXFileReference; lastKnownFileType = sourcecode.swift; path = ContentView.swift; sourceTree = "<group>"; };
		EE0A6CC228326A2300467364 /* Assets.xcassets */ = {isa = PBXFileReference; lastKnownFileType = folder.assetcatalog; path = Assets.xcassets; sourceTree = "<group>"; };
		EE0A6CC528326A2300467364 /* Preview Assets.xcassets */ = {isa = PBXFileReference; lastKnownFileType = folder.assetcatalog; path = "Preview Assets.xcassets"; sourceTree = "<group>"; };
		EE0A6CCB28326A2300467364 /* MyBillsTests.xctest */ = {isa = PBXFileReference; explicitFileType = wrapper.cfbundle; includeInIndex = 0; path = MyBillsTests.xctest; sourceTree = BUILT_PRODUCTS_DIR; };
		EE0A6CCF28326A2300467364 /* MyBillsTests.swift */ = {isa = PBXFileReference; lastKnownFileType = sourcecode.swift; path = MyBillsTests.swift; sourceTree = "<group>"; };
		EE0A6CD528326A2300467364 /* MyBillsUITests.xctest */ = {isa = PBXFileReference; explicitFileType = wrapper.cfbundle; includeInIndex = 0; path = MyBillsUITests.xctest; sourceTree = BUILT_PRODUCTS_DIR; };
		EE0A6CD928326A2300467364 /* MyBillsUITests.swift */ = {isa = PBXFileReference; lastKnownFileType = sourcecode.swift; path = MyBillsUITests.swift; sourceTree = "<group>"; };
		EE0A6CDB28326A2300467364 /* MyBillsUITestsLaunchTests.swift */ = {isa = PBXFileReference; lastKnownFileType = sourcecode.swift; path = MyBillsUITestsLaunchTests.swift; sourceTree = "<group>"; };
		EE0A6CEC28326AB400467364 /* BillModel.swift */ = {isa = PBXFileReference; lastKnownFileType = sourcecode.swift; path = BillModel.swift; sourceTree = "<group>"; };
		EE0A6CEE28326CD500467364 /* BillVM.swift */ = {isa = PBXFileReference; lastKnownFileType = sourcecode.swift; path = BillVM.swift; sourceTree = "<group>"; };
		EE0A6CF228326E1900467364 /* DataManager.swift */ = {isa = PBXFileReference; lastKnownFileType = sourcecode.swift; path = DataManager.swift; sourceTree = "<group>"; };
		EE0A6CF82832895300467364 /* BillFormVM.swift */ = {isa = PBXFileReference; lastKnownFileType = sourcecode.swift; path = BillFormVM.swift; sourceTree = "<group>"; };
		EE0A6CFA283289E800467364 /* BillFormView.swift */ = {isa = PBXFileReference; lastKnownFileType = sourcecode.swift; path = BillFormView.swift; sourceTree = "<group>"; };
		EE0A6CFD2832BEA400467364 /* EnumModel.swift */ = {isa = PBXFileReference; lastKnownFileType = sourcecode.swift; path = EnumModel.swift; sourceTree = "<group>"; };
/* End PBXFileReference section */

/* Begin PBXFrameworksBuildPhase section */
		EE0A6CB828326A2200467364 /* Frameworks */ = {
			isa = PBXFrameworksBuildPhase;
			buildActionMask = 2147483647;
			files = (
			);
			runOnlyForDeploymentPostprocessing = 0;
		};
		EE0A6CC828326A2300467364 /* Frameworks */ = {
			isa = PBXFrameworksBuildPhase;
			buildActionMask = 2147483647;
			files = (
			);
			runOnlyForDeploymentPostprocessing = 0;
		};
		EE0A6CD228326A2300467364 /* Frameworks */ = {
			isa = PBXFrameworksBuildPhase;
			buildActionMask = 2147483647;
			files = (
			);
			runOnlyForDeploymentPostprocessing = 0;
		};
/* End PBXFrameworksBuildPhase section */

/* Begin PBXGroup section */
		EE0A6CB228326A2200467364 = {
			isa = PBXGroup;
			children = (
				EE0A6CBD28326A2200467364 /* MyBills */,
				EE0A6CCE28326A2300467364 /* MyBillsTests */,
				EE0A6CD828326A2300467364 /* MyBillsUITests */,
				EE0A6CBC28326A2200467364 /* Products */,
			);
			sourceTree = "<group>";
		};
		EE0A6CBC28326A2200467364 /* Products */ = {
			isa = PBXGroup;
			children = (
				EE0A6CBB28326A2200467364 /* MyBills.app */,
				EE0A6CCB28326A2300467364 /* MyBillsTests.xctest */,
				EE0A6CD528326A2300467364 /* MyBillsUITests.xctest */,
			);
			name = Products;
			sourceTree = "<group>";
		};
		EE0A6CBD28326A2200467364 /* MyBills */ = {
			isa = PBXGroup;
			children = (
				EE0A6CBE28326A2200467364 /* MyBillsApp.swift */,
				EE0A6CE828326A2D00467364 /* Models */,
				EE0A6CE928326A3100467364 /* Views */,
				EE0A6CEA28326A3600467364 /* ViewModels */,
				EE0A6CEB28326A8500467364 /* Resources */,
				EE0A6CC428326A2300467364 /* Preview Content */,
			);
			path = MyBills;
			sourceTree = "<group>";
		};
		EE0A6CC428326A2300467364 /* Preview Content */ = {
			isa = PBXGroup;
			children = (
				EE0A6CC528326A2300467364 /* Preview Assets.xcassets */,
			);
			path = "Preview Content";
			sourceTree = "<group>";
		};
		EE0A6CCE28326A2300467364 /* MyBillsTests */ = {
			isa = PBXGroup;
			children = (
				EE0A6CCF28326A2300467364 /* MyBillsTests.swift */,
			);
			path = MyBillsTests;
			sourceTree = "<group>";
		};
		EE0A6CD828326A2300467364 /* MyBillsUITests */ = {
			isa = PBXGroup;
			children = (
				EE0A6CD928326A2300467364 /* MyBillsUITests.swift */,
				EE0A6CDB28326A2300467364 /* MyBillsUITestsLaunchTests.swift */,
			);
			path = MyBillsUITests;
			sourceTree = "<group>";
		};
		EE0A6CE828326A2D00467364 /* Models */ = {
			isa = PBXGroup;
			children = (
				EE0A6CEC28326AB400467364 /* BillModel.swift */,
				EE0A6CFD2832BEA400467364 /* EnumModel.swift */,
			);
			path = Models;
			sourceTree = "<group>";
		};
		EE0A6CE928326A3100467364 /* Views */ = {
			isa = PBXGroup;
			children = (
				EE0A6CC028326A2200467364 /* ContentView.swift */,
				EE0A6CFA283289E800467364 /* BillFormView.swift */,
			);
			path = Views;
			sourceTree = "<group>";
		};
		EE0A6CEA28326A3600467364 /* ViewModels */ = {
			isa = PBXGroup;
			children = (
				EE0A6CEE28326CD500467364 /* BillVM.swift */,
				EE0A6CF82832895300467364 /* BillFormVM.swift */,
			);
			path = ViewModels;
			sourceTree = "<group>";
		};
		EE0A6CEB28326A8500467364 /* Resources */ = {
			isa = PBXGroup;
			children = (
				EE0A6CC228326A2300467364 /* Assets.xcassets */,
				EE0A6CF228326E1900467364 /* DataManager.swift */,
			);
			path = Resources;
			sourceTree = "<group>";
		};
/* End PBXGroup section */

/* Begin PBXNativeTarget section */
		EE0A6CBA28326A2200467364 /* MyBills */ = {
			isa = PBXNativeTarget;
			buildConfigurationList = EE0A6CDF28326A2300467364 /* Build configuration list for PBXNativeTarget "MyBills" */;
			buildPhases = (
				EE0A6CB728326A2200467364 /* Sources */,
				EE0A6CB828326A2200467364 /* Frameworks */,
				EE0A6CB928326A2200467364 /* Resources */,
				EE0A6CFC283294C300467364 /* ShellScript */,
			);
			buildRules = (
			);
			dependencies = (
			);
			name = MyBills;
			productName = MyBills;
			productReference = EE0A6CBB28326A2200467364 /* MyBills.app */;
			productType = "com.apple.product-type.application";
		};
		EE0A6CCA28326A2300467364 /* MyBillsTests */ = {
			isa = PBXNativeTarget;
			buildConfigurationList = EE0A6CE228326A2300467364 /* Build configuration list for PBXNativeTarget "MyBillsTests" */;
			buildPhases = (
				EE0A6CC728326A2300467364 /* Sources */,
				EE0A6CC828326A2300467364 /* Frameworks */,
				EE0A6CC928326A2300467364 /* Resources */,
			);
			buildRules = (
			);
			dependencies = (
				EE0A6CCD28326A2300467364 /* PBXTargetDependency */,
			);
			name = MyBillsTests;
			productName = MyBillsTests;
			productReference = EE0A6CCB28326A2300467364 /* MyBillsTests.xctest */;
			productType = "com.apple.product-type.bundle.unit-test";
		};
		EE0A6CD428326A2300467364 /* MyBillsUITests */ = {
			isa = PBXNativeTarget;
			buildConfigurationList = EE0A6CE528326A2300467364 /* Build configuration list for PBXNativeTarget "MyBillsUITests" */;
			buildPhases = (
				EE0A6CD128326A2300467364 /* Sources */,
				EE0A6CD228326A2300467364 /* Frameworks */,
				EE0A6CD328326A2300467364 /* Resources */,
			);
			buildRules = (
			);
			dependencies = (
				EE0A6CD728326A2300467364 /* PBXTargetDependency */,
			);
			name = MyBillsUITests;
			productName = MyBillsUITests;
			productReference = EE0A6CD528326A2300467364 /* MyBillsUITests.xctest */;
			productType = "com.apple.product-type.bundle.ui-testing";
		};
/* End PBXNativeTarget section */

/* Begin PBXProject section */
		EE0A6CB328326A2200467364 /* Project object */ = {
			isa = PBXProject;
			attributes = {
				BuildIndependentTargetsInParallel = 1;
				LastSwiftUpdateCheck = 1330;
				LastUpgradeCheck = 1330;
				TargetAttributes = {
					EE0A6CBA28326A2200467364 = {
						CreatedOnToolsVersion = 13.3;
					};
					EE0A6CCA28326A2300467364 = {
						CreatedOnToolsVersion = 13.3;
						TestTargetID = EE0A6CBA28326A2200467364;
					};
					EE0A6CD428326A2300467364 = {
						CreatedOnToolsVersion = 13.3;
						TestTargetID = EE0A6CBA28326A2200467364;
					};
				};
			};
			buildConfigurationList = EE0A6CB628326A2200467364 /* Build configuration list for PBXProject "MyBills" */;
			compatibilityVersion = "Xcode 13.0";
			developmentRegion = en;
			hasScannedForEncodings = 0;
			knownRegions = (
				en,
				Base,
			);
			mainGroup = EE0A6CB228326A2200467364;
			productRefGroup = EE0A6CBC28326A2200467364 /* Products */;
			projectDirPath = "";
			projectRoot = "";
			targets = (
				EE0A6CBA28326A2200467364 /* MyBills */,
				EE0A6CCA28326A2300467364 /* MyBillsTests */,
				EE0A6CD428326A2300467364 /* MyBillsUITests */,
			);
		};
/* End PBXProject section */

/* Begin PBXResourcesBuildPhase section */
		EE0A6CB928326A2200467364 /* Resources */ = {
			isa = PBXResourcesBuildPhase;
			buildActionMask = 2147483647;
			files = (
				EE0A6CC628326A2300467364 /* Preview Assets.xcassets in Resources */,
				EE0A6CC328326A2300467364 /* Assets.xcassets in Resources */,
			);
			runOnlyForDeploymentPostprocessing = 0;
		};
		EE0A6CC928326A2300467364 /* Resources */ = {
			isa = PBXResourcesBuildPhase;
			buildActionMask = 2147483647;
			files = (
			);
			runOnlyForDeploymentPostprocessing = 0;
		};
		EE0A6CD328326A2300467364 /* Resources */ = {
			isa = PBXResourcesBuildPhase;
			buildActionMask = 2147483647;
			files = (
			);
			runOnlyForDeploymentPostprocessing = 0;
		};
/* End PBXResourcesBuildPhase section */

/* Begin PBXShellScriptBuildPhase section */
		EE0A6CFC283294C300467364 /* ShellScript */ = {
			isa = PBXShellScriptBuildPhase;
			buildActionMask = 2147483647;
			files = (
			);
			inputFileListPaths = (
			);
			inputPaths = (
			);
			outputFileListPaths = (
			);
			outputPaths = (
			);
			runOnlyForDeploymentPostprocessing = 0;
			shellPath = /bin/sh;
			shellScript = "if which swiftlint >/dev/null; then\nswiftlint\nelse\necho \"warning: Swiftlint not installed, download from https://github.com/realm/SwiftLint\"\nfi\n";
		};
/* End PBXShellScriptBuildPhase section */

/* Begin PBXSourcesBuildPhase section */
		EE0A6CB728326A2200467364 /* Sources */ = {
			isa = PBXSourcesBuildPhase;
			buildActionMask = 2147483647;
			files = (
				EE0A6CC128326A2200467364 /* ContentView.swift in Sources */,
				EE0A6CF92832895300467364 /* BillFormVM.swift in Sources */,
				EE0A6CF328326E1900467364 /* DataManager.swift in Sources */,
				EE0A6CED28326AB400467364 /* BillModel.swift in Sources */,
				EE0A6CBF28326A2200467364 /* MyBillsApp.swift in Sources */,
				EE0A6CFE2832BEA400467364 /* EnumModel.swift in Sources */,
				EE0A6CEF28326CD500467364 /* BillVM.swift in Sources */,
				EE0A6CFB283289E800467364 /* BillFormView.swift in Sources */,
			);
			runOnlyForDeploymentPostprocessing = 0;
		};
		EE0A6CC728326A2300467364 /* Sources */ = {
			isa = PBXSourcesBuildPhase;
			buildActionMask = 2147483647;
			files = (
				EE0A6CD028326A2300467364 /* MyBillsTests.swift in Sources */,
			);
			runOnlyForDeploymentPostprocessing = 0;
		};
		EE0A6CD128326A2300467364 /* Sources */ = {
			isa = PBXSourcesBuildPhase;
			buildActionMask = 2147483647;
			files = (
				EE0A6CDA28326A2300467364 /* MyBillsUITests.swift in Sources */,
				EE0A6CDC28326A2300467364 /* MyBillsUITestsLaunchTests.swift in Sources */,
			);
			runOnlyForDeploymentPostprocessing = 0;
		};
/* End PBXSourcesBuildPhase section */

/* Begin PBXTargetDependency section */
		EE0A6CCD28326A2300467364 /* PBXTargetDependency */ = {
			isa = PBXTargetDependency;
			target = EE0A6CBA28326A2200467364 /* MyBills */;
			targetProxy = EE0A6CCC28326A2300467364 /* PBXContainerItemProxy */;
		};
		EE0A6CD728326A2300467364 /* PBXTargetDependency */ = {
			isa = PBXTargetDependency;
			target = EE0A6CBA28326A2200467364 /* MyBills */;
			targetProxy = EE0A6CD628326A2300467364 /* PBXContainerItemProxy */;
		};
/* End PBXTargetDependency section */

/* Begin XCBuildConfiguration section */
		EE0A6CDD28326A2300467364 /* Debug */ = {
			isa = XCBuildConfiguration;
			buildSettings = {
				ALWAYS_SEARCH_USER_PATHS = NO;
				CLANG_ANALYZER_NONNULL = YES;
				CLANG_ANALYZER_NUMBER_OBJECT_CONVERSION = YES_AGGRESSIVE;
				CLANG_CXX_LANGUAGE_STANDARD = "gnu++17";
				CLANG_ENABLE_MODULES = YES;
				CLANG_ENABLE_OBJC_ARC = YES;
				CLANG_ENABLE_OBJC_WEAK = YES;
				CLANG_WARN_BLOCK_CAPTURE_AUTORELEASING = YES;
				CLANG_WARN_BOOL_CONVERSION = YES;
				CLANG_WARN_COMMA = YES;
				CLANG_WARN_CONSTANT_CONVERSION = YES;
				CLANG_WARN_DEPRECATED_OBJC_IMPLEMENTATIONS = YES;
				CLANG_WARN_DIRECT_OBJC_ISA_USAGE = YES_ERROR;
				CLANG_WARN_DOCUMENTATION_COMMENTS = YES;
				CLANG_WARN_EMPTY_BODY = YES;
				CLANG_WARN_ENUM_CONVERSION = YES;
				CLANG_WARN_INFINITE_RECURSION = YES;
				CLANG_WARN_INT_CONVERSION = YES;
				CLANG_WARN_NON_LITERAL_NULL_CONVERSION = YES;
				CLANG_WARN_OBJC_IMPLICIT_RETAIN_SELF = YES;
				CLANG_WARN_OBJC_LITERAL_CONVERSION = YES;
				CLANG_WARN_OBJC_ROOT_CLASS = YES_ERROR;
				CLANG_WARN_QUOTED_INCLUDE_IN_FRAMEWORK_HEADER = YES;
				CLANG_WARN_RANGE_LOOP_ANALYSIS = YES;
				CLANG_WARN_STRICT_PROTOTYPES = YES;
				CLANG_WARN_SUSPICIOUS_MOVE = YES;
				CLANG_WARN_UNGUARDED_AVAILABILITY = YES_AGGRESSIVE;
				CLANG_WARN_UNREACHABLE_CODE = YES;
				CLANG_WARN__DUPLICATE_METHOD_MATCH = YES;
				COPY_PHASE_STRIP = NO;
				DEBUG_INFORMATION_FORMAT = dwarf;
				ENABLE_STRICT_OBJC_MSGSEND = YES;
				ENABLE_TESTABILITY = YES;
				GCC_C_LANGUAGE_STANDARD = gnu11;
				GCC_DYNAMIC_NO_PIC = NO;
				GCC_NO_COMMON_BLOCKS = YES;
				GCC_OPTIMIZATION_LEVEL = 0;
				GCC_PREPROCESSOR_DEFINITIONS = (
					"DEBUG=1",
					"$(inherited)",
				);
				GCC_WARN_64_TO_32_BIT_CONVERSION = YES;
				GCC_WARN_ABOUT_RETURN_TYPE = YES_ERROR;
				GCC_WARN_UNDECLARED_SELECTOR = YES;
				GCC_WARN_UNINITIALIZED_AUTOS = YES_AGGRESSIVE;
				GCC_WARN_UNUSED_FUNCTION = YES;
				GCC_WARN_UNUSED_VARIABLE = YES;
				IPHONEOS_DEPLOYMENT_TARGET = 15.4;
				MTL_ENABLE_DEBUG_INFO = INCLUDE_SOURCE;
				MTL_FAST_MATH = YES;
				ONLY_ACTIVE_ARCH = YES;
				SDKROOT = iphoneos;
				SWIFT_ACTIVE_COMPILATION_CONDITIONS = DEBUG;
				SWIFT_OPTIMIZATION_LEVEL = "-Onone";
			};
			name = Debug;
		};
		EE0A6CDE28326A2300467364 /* Release */ = {
			isa = XCBuildConfiguration;
			buildSettings = {
				ALWAYS_SEARCH_USER_PATHS = NO;
				CLANG_ANALYZER_NONNULL = YES;
				CLANG_ANALYZER_NUMBER_OBJECT_CONVERSION = YES_AGGRESSIVE;
				CLANG_CXX_LANGUAGE_STANDARD = "gnu++17";
				CLANG_ENABLE_MODULES = YES;
				CLANG_ENABLE_OBJC_ARC = YES;
				CLANG_ENABLE_OBJC_WEAK = YES;
				CLANG_WARN_BLOCK_CAPTURE_AUTORELEASING = YES;
				CLANG_WARN_BOOL_CONVERSION = YES;
				CLANG_WARN_COMMA = YES;
				CLANG_WARN_CONSTANT_CONVERSION = YES;
				CLANG_WARN_DEPRECATED_OBJC_IMPLEMENTATIONS = YES;
				CLANG_WARN_DIRECT_OBJC_ISA_USAGE = YES_ERROR;
				CLANG_WARN_DOCUMENTATION_COMMENTS = YES;
				CLANG_WARN_EMPTY_BODY = YES;
				CLANG_WARN_ENUM_CONVERSION = YES;
				CLANG_WARN_INFINITE_RECURSION = YES;
				CLANG_WARN_INT_CONVERSION = YES;
				CLANG_WARN_NON_LITERAL_NULL_CONVERSION = YES;
				CLANG_WARN_OBJC_IMPLICIT_RETAIN_SELF = YES;
				CLANG_WARN_OBJC_LITERAL_CONVERSION = YES;
				CLANG_WARN_OBJC_ROOT_CLASS = YES_ERROR;
				CLANG_WARN_QUOTED_INCLUDE_IN_FRAMEWORK_HEADER = YES;
				CLANG_WARN_RANGE_LOOP_ANALYSIS = YES;
				CLANG_WARN_STRICT_PROTOTYPES = YES;
				CLANG_WARN_SUSPICIOUS_MOVE = YES;
				CLANG_WARN_UNGUARDED_AVAILABILITY = YES_AGGRESSIVE;
				CLANG_WARN_UNREACHABLE_CODE = YES;
				CLANG_WARN__DUPLICATE_METHOD_MATCH = YES;
				COPY_PHASE_STRIP = NO;
				DEBUG_INFORMATION_FORMAT = "dwarf-with-dsym";
				ENABLE_NS_ASSERTIONS = NO;
				ENABLE_STRICT_OBJC_MSGSEND = YES;
				GCC_C_LANGUAGE_STANDARD = gnu11;
				GCC_NO_COMMON_BLOCKS = YES;
				GCC_WARN_64_TO_32_BIT_CONVERSION = YES;
				GCC_WARN_ABOUT_RETURN_TYPE = YES_ERROR;
				GCC_WARN_UNDECLARED_SELECTOR = YES;
				GCC_WARN_UNINITIALIZED_AUTOS = YES_AGGRESSIVE;
				GCC_WARN_UNUSED_FUNCTION = YES;
				GCC_WARN_UNUSED_VARIABLE = YES;
				IPHONEOS_DEPLOYMENT_TARGET = 15.4;
				MTL_ENABLE_DEBUG_INFO = NO;
				MTL_FAST_MATH = YES;
				SDKROOT = iphoneos;
				SWIFT_COMPILATION_MODE = wholemodule;
				SWIFT_OPTIMIZATION_LEVEL = "-O";
				VALIDATE_PRODUCT = YES;
			};
			name = Release;
		};
		EE0A6CE028326A2300467364 /* Debug */ = {
			isa = XCBuildConfiguration;
			buildSettings = {
				ASSETCATALOG_COMPILER_APPICON_NAME = AppIcon;
				ASSETCATALOG_COMPILER_GLOBAL_ACCENT_COLOR_NAME = AccentColor;
				CODE_SIGN_STYLE = Automatic;
				CURRENT_PROJECT_VERSION = 1;
				DEVELOPMENT_ASSET_PATHS = "\"MyBills/Preview Content\"";
				DEVELOPMENT_TEAM = MXSWN6Q9F5;
				ENABLE_PREVIEWS = YES;
				GENERATE_INFOPLIST_FILE = YES;
				INFOPLIST_KEY_UIApplicationSceneManifest_Generation = YES;
				INFOPLIST_KEY_UIApplicationSupportsIndirectInputEvents = YES;
				INFOPLIST_KEY_UILaunchScreen_Generation = YES;
				INFOPLIST_KEY_UISupportedInterfaceOrientations_iPad = "UIInterfaceOrientationPortrait UIInterfaceOrientationPortraitUpsideDown UIInterfaceOrientationLandscapeLeft UIInterfaceOrientationLandscapeRight";
				INFOPLIST_KEY_UISupportedInterfaceOrientations_iPhone = "UIInterfaceOrientationPortrait UIInterfaceOrientationLandscapeLeft UIInterfaceOrientationLandscapeRight";
				LD_RUNPATH_SEARCH_PATHS = (
					"$(inherited)",
					"@executable_path/Frameworks",
				);
				MARKETING_VERSION = 1.0;
				PRODUCT_BUNDLE_IDENTIFIER = myself.MyBills;
				PRODUCT_NAME = "$(TARGET_NAME)";
				SWIFT_EMIT_LOC_STRINGS = YES;
				SWIFT_VERSION = 5.0;
				TARGETED_DEVICE_FAMILY = "1,2";
			};
			name = Debug;
		};
		EE0A6CE128326A2300467364 /* Release */ = {
			isa = XCBuildConfiguration;
			buildSettings = {
				ASSETCATALOG_COMPILER_APPICON_NAME = AppIcon;
				ASSETCATALOG_COMPILER_GLOBAL_ACCENT_COLOR_NAME = AccentColor;
				CODE_SIGN_STYLE = Automatic;
				CURRENT_PROJECT_VERSION = 1;
				DEVELOPMENT_ASSET_PATHS = "\"MyBills/Preview Content\"";
				DEVELOPMENT_TEAM = MXSWN6Q9F5;
				ENABLE_PREVIEWS = YES;
				GENERATE_INFOPLIST_FILE = YES;
				INFOPLIST_KEY_UIApplicationSceneManifest_Generation = YES;
				INFOPLIST_KEY_UIApplicationSupportsIndirectInputEvents = YES;
				INFOPLIST_KEY_UILaunchScreen_Generation = YES;
				INFOPLIST_KEY_UISupportedInterfaceOrientations_iPad = "UIInterfaceOrientationPortrait UIInterfaceOrientationPortraitUpsideDown UIInterfaceOrientationLandscapeLeft UIInterfaceOrientationLandscapeRight";
				INFOPLIST_KEY_UISupportedInterfaceOrientations_iPhone = "UIInterfaceOrientationPortrait UIInterfaceOrientationLandscapeLeft UIInterfaceOrientationLandscapeRight";
				LD_RUNPATH_SEARCH_PATHS = (
					"$(inherited)",
					"@executable_path/Frameworks",
				);
				MARKETING_VERSION = 1.0;
				PRODUCT_BUNDLE_IDENTIFIER = myself.MyBills;
				PRODUCT_NAME = "$(TARGET_NAME)";
				SWIFT_EMIT_LOC_STRINGS = YES;
				SWIFT_VERSION = 5.0;
				TARGETED_DEVICE_FAMILY = "1,2";
			};
			name = Release;
		};
		EE0A6CE328326A2300467364 /* Debug */ = {
			isa = XCBuildConfiguration;
			buildSettings = {
				ALWAYS_EMBED_SWIFT_STANDARD_LIBRARIES = YES;
				BUNDLE_LOADER = "$(TEST_HOST)";
				CODE_SIGN_STYLE = Automatic;
				CURRENT_PROJECT_VERSION = 1;
				DEVELOPMENT_TEAM = MXSWN6Q9F5;
				GENERATE_INFOPLIST_FILE = YES;
				IPHONEOS_DEPLOYMENT_TARGET = 15.4;
				MARKETING_VERSION = 1.0;
				PRODUCT_BUNDLE_IDENTIFIER = myself.MyBillsTests;
				PRODUCT_NAME = "$(TARGET_NAME)";
				SWIFT_EMIT_LOC_STRINGS = NO;
				SWIFT_VERSION = 5.0;
				TARGETED_DEVICE_FAMILY = "1,2";
				TEST_HOST = "$(BUILT_PRODUCTS_DIR)/MyBills.app/MyBills";
			};
			name = Debug;
		};
		EE0A6CE428326A2300467364 /* Release */ = {
			isa = XCBuildConfiguration;
			buildSettings = {
				ALWAYS_EMBED_SWIFT_STANDARD_LIBRARIES = YES;
				BUNDLE_LOADER = "$(TEST_HOST)";
				CODE_SIGN_STYLE = Automatic;
				CURRENT_PROJECT_VERSION = 1;
				DEVELOPMENT_TEAM = MXSWN6Q9F5;
				GENERATE_INFOPLIST_FILE = YES;
				IPHONEOS_DEPLOYMENT_TARGET = 15.4;
				MARKETING_VERSION = 1.0;
				PRODUCT_BUNDLE_IDENTIFIER = myself.MyBillsTests;
				PRODUCT_NAME = "$(TARGET_NAME)";
				SWIFT_EMIT_LOC_STRINGS = NO;
				SWIFT_VERSION = 5.0;
				TARGETED_DEVICE_FAMILY = "1,2";
				TEST_HOST = "$(BUILT_PRODUCTS_DIR)/MyBills.app/MyBills";
			};
			name = Release;
		};
		EE0A6CE628326A2300467364 /* Debug */ = {
			isa = XCBuildConfiguration;
			buildSettings = {
				ALWAYS_EMBED_SWIFT_STANDARD_LIBRARIES = YES;
				CODE_SIGN_STYLE = Automatic;
				CURRENT_PROJECT_VERSION = 1;
				DEVELOPMENT_TEAM = MXSWN6Q9F5;
				GENERATE_INFOPLIST_FILE = YES;
				MARKETING_VERSION = 1.0;
				PRODUCT_BUNDLE_IDENTIFIER = myself.MyBillsUITests;
				PRODUCT_NAME = "$(TARGET_NAME)";
				SWIFT_EMIT_LOC_STRINGS = NO;
				SWIFT_VERSION = 5.0;
				TARGETED_DEVICE_FAMILY = "1,2";
				TEST_TARGET_NAME = MyBills;
			};
			name = Debug;
		};
		EE0A6CE728326A2300467364 /* Release */ = {
			isa = XCBuildConfiguration;
			buildSettings = {
				ALWAYS_EMBED_SWIFT_STANDARD_LIBRARIES = YES;
				CODE_SIGN_STYLE = Automatic;
				CURRENT_PROJECT_VERSION = 1;
				DEVELOPMENT_TEAM = MXSWN6Q9F5;
				GENERATE_INFOPLIST_FILE = YES;
				MARKETING_VERSION = 1.0;
				PRODUCT_BUNDLE_IDENTIFIER = myself.MyBillsUITests;
				PRODUCT_NAME = "$(TARGET_NAME)";
				SWIFT_EMIT_LOC_STRINGS = NO;
				SWIFT_VERSION = 5.0;
				TARGETED_DEVICE_FAMILY = "1,2";
				TEST_TARGET_NAME = MyBills;
			};
			name = Release;
		};
/* End XCBuildConfiguration section */

/* Begin XCConfigurationList section */
		EE0A6CB628326A2200467364 /* Build configuration list for PBXProject "MyBills" */ = {
			isa = XCConfigurationList;
			buildConfigurations = (
				EE0A6CDD28326A2300467364 /* Debug */,
				EE0A6CDE28326A2300467364 /* Release */,
			);
			defaultConfigurationIsVisible = 0;
			defaultConfigurationName = Release;
		};
		EE0A6CDF28326A2300467364 /* Build configuration list for PBXNativeTarget "MyBills" */ = {
			isa = XCConfigurationList;
			buildConfigurations = (
				EE0A6CE028326A2300467364 /* Debug */,
				EE0A6CE128326A2300467364 /* Release */,
			);
			defaultConfigurationIsVisible = 0;
			defaultConfigurationName = Release;
		};
		EE0A6CE228326A2300467364 /* Build configuration list for PBXNativeTarget "MyBillsTests" */ = {
			isa = XCConfigurationList;
			buildConfigurations = (
				EE0A6CE328326A2300467364 /* Debug */,
				EE0A6CE428326A2300467364 /* Release */,
			);
			defaultConfigurationIsVisible = 0;
			defaultConfigurationName = Release;
		};
		EE0A6CE528326A2300467364 /* Build configuration list for PBXNativeTarget "MyBillsUITests" */ = {
			isa = XCConfigurationList;
			buildConfigurations = (
				EE0A6CE628326A2300467364 /* Debug */,
				EE0A6CE728326A2300467364 /* Release */,
			);
			defaultConfigurationIsVisible = 0;
			defaultConfigurationName = Release;
		};
/* End XCConfigurationList section */
	};
	rootObject = EE0A6CB328326A2200467364 /* Project object */;
}
